
Microsoft Visual Studio Solution File, Format Version 12.00
# Visual Studio Version 16
VisualStudioVersion = 16.0.30711.63
MinimumVisualStudioVersion = 10.0.40219.1
Project("{FAE04EC0-301F-11D3-BF4B-00C04F79EFBC}") = "WebFormTest", "WebFormTest\WebFormTest.csproj", "{987E2EBB-9CBC-412F-A903-2CE3B3758DBA}"
EndProject
Global
	GlobalSection(SolutionConfigurationPlatforms) = preSolution
		Debug|Any CPU = Debug|Any CPU
		Release|Any CPU = Release|Any CPU
	EndGlobalSection
	GlobalSection(ProjectConfigurationPlatforms) = postSolution
		{987E2EBB-9CBC-412F-A903-2CE3B3758DBA}.Debug|Any CPU.ActiveCfg = Debug|Any CPU
		{987E2EBB-9CBC-412F-A903-2CE3B3758DBA}.Debug|Any CPU.Build.0 = Debug|Any CPU
		{987E2EBB-9CBC-412F-A903-2CE3B3758DBA}.Release|Any CPU.ActiveCfg = Release|Any CPU
		{987E2EBB-9CBC-412F-A903-2CE3B3758DBA}.Release|Any CPU.Build.0 = Release|Any CPU
	EndGlobalSection
	GlobalSection(SolutionProperties) = preSolution
		HideSolutionNode = FALSE
	EndGlobalSection
	GlobalSection(ExtensibilityGlobals) = postSolution
		SolutionGuid = {C9BC4BFB-EBDE-419D-A5B7-FF80634C8E7B}
	EndGlobalSection
EndGlobal
